# This file is automatically @generated by Cargo.
# It is not intended for manual editing.
version = 4

[[package]]
name = "note-core"
version = "0.1.0"

[[package]]
name = "note-embedding"
version = "0.1.0"

[[package]]
name = "note-mcp"
version = "0.1.0"

[[package]]
name = "note-pipelines"
version = "0.1.0"

[[package]]
name = "note-server"
version = "0.1.0"
dependencies = [
 "note-mcp",
 "note-pipelines",
]

[[package]]
name = "note-storage"
version = "0.1.0"
